
Microsoft Visual Studio Solution File, Format Version 12.00
# Visual Studio Version 17
VisualStudioVersion = 17.10.35027.167
MinimumVisualStudioVersion = 10.0.40219.1
Project("{FAE04EC0-301F-11D3-BF4B-00C04F79EFBC}") = "Ac-DevCurso", "Ac-DevCurso\Ac-DevCurso.csproj", "{E1391302-A085-4576-BE05-45FEF4133437}"
EndProject
Global
	GlobalSection(SolutionConfigurationPlatforms) = preSolution
		Debug|Any CPU = Debug|Any CPU
		Release|Any CPU = Release|Any CPU
	EndGlobalSection
	GlobalSection(ProjectConfigurationPlatforms) = postSolution
		{E1391302-A085-4576-BE05-45FEF4133437}.Debug|Any CPU.ActiveCfg = Debug|Any CPU
		{E1391302-A085-4576-BE05-45FEF4133437}.Debug|Any CPU.Build.0 = Debug|Any CPU
		{E1391302-A085-4576-BE05-45FEF4133437}.Release|Any CPU.ActiveCfg = Release|Any CPU
		{E1391302-A085-4576-BE05-45FEF4133437}.Release|Any CPU.Build.0 = Release|Any CPU
	EndGlobalSection
	GlobalSection(SolutionProperties) = preSolution
		HideSolutionNode = FALSE
	EndGlobalSection
	GlobalSection(ExtensibilityGlobals) = postSolution
		SolutionGuid = {97EE7797-E693-4653-B9D5-BA169C0E46D3}
	EndGlobalSection
EndGlobal
